
Microsoft Visual Studio Solution File, Format Version 11.00
# Visual Studio 2010
Project("{FAE04EC0-301F-11D3-BF4B-00C04F79EFBC}") = "IntroduceNullObject", "IntroduceNullObject\IntroduceNullObject.csproj", "{0055B296-D268-40B2-AD1E-E7F782959A78}"
EndProject
Global
	GlobalSection(SolutionConfigurationPlatforms) = preSolution
		Debug|x86 = Debug|x86
		Release|x86 = Release|x86
	EndGlobalSection
	GlobalSection(ProjectConfigurationPlatforms) = postSolution
		{0055B296-D268-40B2-AD1E-E7F782959A78}.Debug|x86.ActiveCfg = Debug|x86
		{0055B296-D268-40B2-AD1E-E7F782959A78}.Debug|x86.Build.0 = Debug|x86
		{0055B296-D268-40B2-AD1E-E7F782959A78}.Release|x86.ActiveCfg = Release|x86
		{0055B296-D268-40B2-AD1E-E7F782959A78}.Release|x86.Build.0 = Release|x86
	EndGlobalSection
	GlobalSection(SolutionProperties) = preSolution
		HideSolutionNode = FALSE
	EndGlobalSection
EndGlobal
